// !$*UTF8*$!
{
	archiveVersion = 1;
	classes = {
	};
	objectVersion = 52;
	objects = {

/* Begin PBXBuildFile section */
		1D60589B0D05DD56006BFB54 /* main.m in Sources */ = {isa = PBXBuildFile; fileRef = 29B97316FDCFA39411CA2CEA /* main.m */; };
		2514C27210084DB100A42282 /* ES1Renderer.m in Sources */ = {isa = PBXBuildFile; fileRef = 2514C26E10084DB100A42282 /* ES1Renderer.m */; };
		28FD14FE0DC6FC130079059D /* EAGLView.m in Sources */ = {isa = PBXBuildFile; fileRef = 28FD14FD0DC6FC130079059D /* EAGLView.m */; };
		889E89ED238EDFCA00EB20FA /* jpgd.cpp in Sources */ = {isa = PBXBuildFile; fileRef = 889E89EC238EDFCA00EB20FA /* jpgd.cpp */; };
		9C0EE48714A99E4800A32921 /* acnodelogo.tga in Resources */ = {isa = PBXBuildFile; fileRef = 9C0EE48614A99E4800A32921 /* acnodelogo.tga */; };
		9C221B08153751F300EFEA23 /* Default@2x.png in Resources */ = {isa = PBXBuildFile; fileRef = 9C221B07153751F300EFEA23 /* Default@2x.png */; };
		9C221B0A1537523D00EFEA23 /* Default-Landscape~ipad.png in Resources */ = {isa = PBXBuildFile; fileRef = 9C221B091537523D00EFEA23 /* Default-Landscape~ipad.png */; };
		9C317A49135B4DC7005DD266 /* Default.png in Resources */ = {isa = PBXBuildFile; fileRef = 9C317A48135B4DC7005DD266 /* Default.png */; };
		9C4B598F1464136800ECBDB6 /* icon72.png in Resources */ = {isa = PBXBuildFile; fileRef = 9C4B598E1464136800ECBDB6 /* icon72.png */; };
		9C4E38F4143CA659006EDD6F /* AdViewController.m in Sources */ = {isa = PBXBuildFile; fileRef = 9C4E38F2143CA659006EDD6F /* AdViewController.m */; };
		9C4E38F5143CA659006EDD6F /* AdViewController.xib in Resources */ = {isa = PBXBuildFile; fileRef = 9C4E38F3143CA659006EDD6F /* AdViewController.xib */; };
		9C4EDCA51324B637001725A4 /* alge_iphoneAppDelegate.m in Sources */ = {isa = PBXBuildFile; fileRef = 9C4EDCA41324B637001725A4 /* alge_iphoneAppDelegate.m */; };
		9C759F9421858FD9004DA337 /* camera.cpp in Sources */ = {isa = PBXBuildFile; fileRef = 9C759F9221858FD9004DA337 /* camera.cpp */; };
		9CB01E3313A9B899006EDC2E /* AccelerometerFilter.m in Sources */ = {isa = PBXBuildFile; fileRef = 9CB01E3213A9B899006EDC2E /* AccelerometerFilter.m */; };
		9CB1BBD31432EFC00032B4BD /* icon57.png in Resources */ = {isa = PBXBuildFile; fileRef = 9CB1BBD21432EFC00032B4BD /* icon57.png */; };
		9CB4344E135CAAB200F8C12F /* MainWindow~ipad.xib in Resources */ = {isa = PBXBuildFile; fileRef = 9CB4344C135CAAB200F8C12F /* MainWindow~ipad.xib */; };
		9CB4344F135CAAB200F8C12F /* MainWindow~iphone.xib in Resources */ = {isa = PBXBuildFile; fileRef = 9CB4344D135CAAB200F8C12F /* MainWindow~iphone.xib */; };
		9CC6B534135B3C850099EA7E /* AVFoundation.framework in Frameworks */ = {isa = PBXBuildFile; fileRef = 9CC6B52C135B3C840099EA7E /* AVFoundation.framework */; };
		9CC6B535135B3C850099EA7E /* CoreFoundation.framework in Frameworks */ = {isa = PBXBuildFile; fileRef = 9CC6B52D135B3C840099EA7E /* CoreFoundation.framework */; };
		9CC6B536135B3C850099EA7E /* CoreGraphics.framework in Frameworks */ = {isa = PBXBuildFile; fileRef = 9CC6B52E135B3C840099EA7E /* CoreGraphics.framework */; };
		9CC6B537135B3C850099EA7E /* Foundation.framework in Frameworks */ = {isa = PBXBuildFile; fileRef = 9CC6B52F135B3C840099EA7E /* Foundation.framework */; };
		9CC6B538135B3C850099EA7E /* MediaPlayer.framework in Frameworks */ = {isa = PBXBuildFile; fileRef = 9CC6B530135B3C840099EA7E /* MediaPlayer.framework */; };
		9CC6B539135B3C850099EA7E /* OpenGLES.framework in Frameworks */ = {isa = PBXBuildFile; fileRef = 9CC6B531135B3C840099EA7E /* OpenGLES.framework */; platformFilter = ios; };
		9CC6B53A135B3C850099EA7E /* QuartzCore.framework in Frameworks */ = {isa = PBXBuildFile; fileRef = 9CC6B532135B3C840099EA7E /* QuartzCore.framework */; };
		9CC6B53B135B3C850099EA7E /* UIKit.framework in Frameworks */ = {isa = PBXBuildFile; fileRef = 9CC6B533135B3C840099EA7E /* UIKit.framework */; };
		9CF1FCA713E29C70005FB6E5 /* Default-Portrait~ipad.png in Resources */ = {isa = PBXBuildFile; fileRef = 9CF1FCA613E29C70005FB6E5 /* Default-Portrait~ipad.png */; };
		9CF4C76D143B653700877BF1 /* iAd.framework in Frameworks */ = {isa = PBXBuildFile; fileRef = 9CF4C76C143B653700877BF1 /* iAd.framework */; };
		A54FD23D25CE847E007E3950 /* b2PolygonContact.cpp in Sources */ = {isa = PBXBuildFile; fileRef = A54FD23425CE847E007E3950 /* b2PolygonContact.cpp */; };
		A54FD23E25CE847E007E3950 /* b2EdgeAndCircleContact.cpp in Sources */ = {isa = PBXBuildFile; fileRef = A54FD23525CE847E007E3950 /* b2EdgeAndCircleContact.cpp */; };
		A54FD23F25CE847E007E3950 /* b2PolygonAndCircleContact.cpp in Sources */ = {isa = PBXBuildFile; fileRef = A54FD23625CE847E007E3950 /* b2PolygonAndCircleContact.cpp */; };
		A54FD24025CE847E007E3950 /* b2ContactSolver.cpp in Sources */ = {isa = PBXBuildFile; fileRef = A54FD23725CE847E007E3950 /* b2ContactSolver.cpp */; };
		A54FD24225CE847E007E3950 /* b2ChainAndPolygonContact.cpp in Sources */ = {isa = PBXBuildFile; fileRef = A54FD23925CE847E007E3950 /* b2ChainAndPolygonContact.cpp */; };
		A54FD24325CE847E007E3950 /* b2CircleContact.cpp in Sources */ = {isa = PBXBuildFile; fileRef = A54FD23A25CE847E007E3950 /* b2CircleContact.cpp */; };
		A54FD24425CE847E007E3950 /* b2EdgeAndPolygonContact.cpp in Sources */ = {isa = PBXBuildFile; fileRef = A54FD23B25CE847E007E3950 /* b2EdgeAndPolygonContact.cpp */; };
		A54FD24525CE847E007E3950 /* b2Contact.cpp in Sources */ = {isa = PBXBuildFile; fileRef = A54FD23C25CE847E007E3950 /* b2Contact.cpp */; };
		A54FD25625CE851A007E3950 /* b2RopeJoint.cpp in Sources */ = {isa = PBXBuildFile; fileRef = A54FD24A25CE851A007E3950 /* b2RopeJoint.cpp */; };
		A54FD25725CE851A007E3950 /* b2WheelJoint.cpp in Sources */ = {isa = PBXBuildFile; fileRef = A54FD24B25CE851A007E3950 /* b2WheelJoint.cpp */; };
		A54FD25825CE851A007E3950 /* b2PulleyJoint.cpp in Sources */ = {isa = PBXBuildFile; fileRef = A54FD24C25CE851A007E3950 /* b2PulleyJoint.cpp */; };
		A54FD25925CE851A007E3950 /* b2MotorJoint.cpp in Sources */ = {isa = PBXBuildFile; fileRef = A54FD24D25CE851A007E3950 /* b2MotorJoint.cpp */; };
		A54FD25A25CE851A007E3950 /* b2GearJoint.cpp in Sources */ = {isa = PBXBuildFile; fileRef = A54FD24E25CE851A007E3950 /* b2GearJoint.cpp */; };
		A54FD25B25CE851A007E3950 /* b2MouseJoint.cpp in Sources */ = {isa = PBXBuildFile; fileRef = A54FD24F25CE851A007E3950 /* b2MouseJoint.cpp */; };
		A54FD25C25CE851A007E3950 /* b2PrismaticJoint.cpp in Sources */ = {isa = PBXBuildFile; fileRef = A54FD25025CE851A007E3950 /* b2PrismaticJoint.cpp */; };
		A54FD25D25CE851A007E3950 /* b2WeldJoint.cpp in Sources */ = {isa = PBXBuildFile; fileRef = A54FD25125CE851A007E3950 /* b2WeldJoint.cpp */; };
		A54FD25E25CE851A007E3950 /* b2DistanceJoint.cpp in Sources */ = {isa = PBXBuildFile; fileRef = A54FD25225CE851A007E3950 /* b2DistanceJoint.cpp */; };
		A54FD25F25CE851A007E3950 /* b2Joint.cpp in Sources */ = {isa = PBXBuildFile; fileRef = A54FD25325CE851A007E3950 /* b2Joint.cpp */; };
		A54FD26025CE851A007E3950 /* b2FrictionJoint.cpp in Sources */ = {isa = PBXBuildFile; fileRef = A54FD25425CE851A007E3950 /* b2FrictionJoint.cpp */; };
		A54FD26125CE851A007E3950 /* b2RevoluteJoint.cpp in Sources */ = {isa = PBXBuildFile; fileRef = A54FD25525CE851A007E3950 /* b2RevoluteJoint.cpp */; };
		A54FD26925CE85F6007E3950 /* b2Island.cpp in Sources */ = {isa = PBXBuildFile; fileRef = A54FD26325CE85F6007E3950 /* b2Island.cpp */; };
		A54FD26A25CE85F6007E3950 /* b2Body.cpp in Sources */ = {isa = PBXBuildFile; fileRef = A54FD26425CE85F6007E3950 /* b2Body.cpp */; };
		A54FD26B25CE85F6007E3950 /* b2WorldCallbacks.cpp in Sources */ = {isa = PBXBuildFile; fileRef = A54FD26525CE85F6007E3950 /* b2WorldCallbacks.cpp */; };
		A54FD26C25CE85F6007E3950 /* b2World.cpp in Sources */ = {isa = PBXBuildFile; fileRef = A54FD26625CE85F6007E3950 /* b2World.cpp */; };
		A54FD26D25CE85F6007E3950 /* b2ContactManager.cpp in Sources */ = {isa = PBXBuildFile; fileRef = A54FD26725CE85F6007E3950 /* b2ContactManager.cpp */; };
		A54FD26E25CE85F6007E3950 /* b2Fixture.cpp in Sources */ = {isa = PBXBuildFile; fileRef = A54FD26825CE85F6007E3950 /* b2Fixture.cpp */; };
		A54FD27525CE8624007E3950 /* b2Timer.cpp in Sources */ = {isa = PBXBuildFile; fileRef = A54FD27025CE8624007E3950 /* b2Timer.cpp */; };
		A54FD27625CE8624007E3950 /* b2BlockAllocator.cpp in Sources */ = {isa = PBXBuildFile; fileRef = A54FD27125CE8624007E3950 /* b2BlockAllocator.cpp */; };
		A54FD27725CE8624007E3950 /* b2StackAllocator.cpp in Sources */ = {isa = PBXBuildFile; fileRef = A54FD27225CE8624007E3950 /* b2StackAllocator.cpp */; };
		A54FD27925CE8624007E3950 /* b2Settings.cpp in Sources */ = {isa = PBXBuildFile; fileRef = A54FD27425CE8624007E3950 /* b2Settings.cpp */; };
		A54FD27F25CE8723007E3950 /* b2ChainAndCircleContact.cpp in Sources */ = {isa = PBXBuildFile; fileRef = A54FD27E25CE8723007E3950 /* b2ChainAndCircleContact.cpp */; };
		A54FD28825CE88A5007E3950 /* b2EdgeShape.cpp in Sources */ = {isa = PBXBuildFile; fileRef = A54FD28425CE88A5007E3950 /* b2EdgeShape.cpp */; };
		A54FD28925CE88A5007E3950 /* b2ChainShape.cpp in Sources */ = {isa = PBXBuildFile; fileRef = A54FD28525CE88A5007E3950 /* b2ChainShape.cpp */; };
		A54FD28A25CE88A5007E3950 /* b2PolygonShape.cpp in Sources */ = {isa = PBXBuildFile; fileRef = A54FD28625CE88A5007E3950 /* b2PolygonShape.cpp */; };
		A54FD28B25CE88A5007E3950 /* b2CircleShape.cpp in Sources */ = {isa = PBXBuildFile; fileRef = A54FD28725CE88A5007E3950 /* b2CircleShape.cpp */; };
		A54FD29425CE8920007E3950 /* b2CollideCircle.cpp in Sources */ = {isa = PBXBuildFile; fileRef = A54FD28D25CE8920007E3950 /* b2CollideCircle.cpp */; };
		A54FD29525CE8920007E3950 /* b2Collision.cpp in Sources */ = {isa = PBXBuildFile; fileRef = A54FD28E25CE8920007E3950 /* b2Collision.cpp */; };
		A54FD29625CE8920007E3950 /* b2Distance.cpp in Sources */ = {isa = PBXBuildFile; fileRef = A54FD28F25CE8920007E3950 /* b2Distance.cpp */; };
		A54FD29725CE8920007E3950 /* b2TimeOfImpact.cpp in Sources */ = {isa = PBXBuildFile; fileRef = A54FD29025CE8920007E3950 /* b2TimeOfImpact.cpp */; };
		A54FD29825CE8920007E3950 /* b2DynamicTree.cpp in Sources */ = {isa = PBXBuildFile; fileRef = A54FD29125CE8920007E3950 /* b2DynamicTree.cpp */; };
		A54FD29925CE8920007E3950 /* b2BroadPhase.cpp in Sources */ = {isa = PBXBuildFile; fileRef = A54FD29225CE8920007E3950 /* b2BroadPhase.cpp */; };
		A54FD29A25CE8920007E3950 /* b2CollidePolygon.cpp in Sources */ = {isa = PBXBuildFile; fileRef = A54FD29325CE8920007E3950 /* b2CollidePolygon.cpp */; };
		A54FD2A225CE8981007E3950 /* b2Math.cpp in Sources */ = {isa = PBXBuildFile; fileRef = A54FD29C25CE8981007E3950 /* b2Math.cpp */; };
		A54FD2A325CE8981007E3950 /* b2Draw.cpp in Sources */ = {isa = PBXBuildFile; fileRef = A54FD29E25CE8981007E3950 /* b2Draw.cpp */; };
		A54FD2AB25CE8A6A007E3950 /* b2CollideEdge.cpp in Sources */ = {isa = PBXBuildFile; fileRef = A54FD2A925CE8A6A007E3950 /* b2CollideEdge.cpp */; };
		A54FD2B325CECA6A007E3950 /* imgui_widgets.cpp in Sources */ = {isa = PBXBuildFile; fileRef = A54FD2B025CECA6A007E3950 /* imgui_widgets.cpp */; };
		A54FD2B425CECA6A007E3950 /* imgui_demo.cpp in Sources */ = {isa = PBXBuildFile; fileRef = A54FD2B125CECA6A007E3950 /* imgui_demo.cpp */; };
		A54FD2B525CECA6A007E3950 /* imgui.cpp in Sources */ = {isa = PBXBuildFile; fileRef = A54FD2B225CECA6A007E3950 /* imgui.cpp */; };
		A54FD2B825CECA88007E3950 /* imgui_draw.cpp in Sources */ = {isa = PBXBuildFile; fileRef = A54FD2B725CECA88007E3950 /* imgui_draw.cpp */; };
		A54FD2C125CECC8E007E3950 /* imgui_impl_opengl2.cpp in Sources */ = {isa = PBXBuildFile; fileRef = A54FD2C025CECC8E007E3950 /* imgui_impl_opengl2.cpp */; };
		A55BA3E825CD1C4E00281BCF /* Data in Resources */ = {isa = PBXBuildFile; fileRef = A55BA3E725CD1C4E00281BCF /* Data */; };
		A5657FBF25CD1FF600335140 /* collect.sh in Resources */ = {isa = PBXBuildFile; fileRef = A5657FBE25CD1FF600335140 /* collect.sh */; };
		FA4AB21D1EBCD44B006141FA /* device-app.cpp in Sources */ = {isa = PBXBuildFile; fileRef = FA4AB21C1EBCD44B006141FA /* device-app.cpp */; };
		FA4AB2221EBCD846006141FA /* Default-568h@2x.png in Resources */ = {isa = PBXBuildFile; fileRef = FA4AB2211EBCD846006141FA /* Default-568h@2x.png */; };
		FA9837B51EBC9329002F2850 /* PlayYouTubeInWebViewController.m in Sources */ = {isa = PBXBuildFile; fileRef = FA9837B41EBC9329002F2850 /* PlayYouTubeInWebViewController.m */; };
		FADABDBA1EBCC01200E174CB /* UIViewController_RootViewController.m in Sources */ = {isa = PBXBuildFile; fileRef = FADABDB91EBCC01200E174CB /* UIViewController_RootViewController.m */; };
/* End PBXBuildFile section */

/* Begin PBXCopyFilesBuildPhase section */
		883E77C7231665DB0014F5A1 /* CopyFiles */ = {
			isa = PBXCopyFilesBuildPhase;
			buildActionMask = 2147483647;
			dstPath = "";
			dstSubfolderSpec = 7;
			files = (
			);
			runOnlyForDeploymentPostprocessing = 0;
		};
/* End PBXCopyFilesBuildPhase section */

/* Begin PBXFileReference section */
		2514C26D10084DB100A42282 /* ES1Renderer.h */ = {isa = PBXFileReference; fileEncoding = 4; lastKnownFileType = sourcecode.c.h; path = ES1Renderer.h; sourceTree = "<group>"; };
		2514C26E10084DB100A42282 /* ES1Renderer.m */ = {isa = PBXFileReference; fileEncoding = 4; lastKnownFileType = sourcecode.c.objc; path = ES1Renderer.m; sourceTree = "<group>"; };
		28FD14FC0DC6FC130079059D /* EAGLView.h */ = {isa = PBXFileReference; fileEncoding = 4; lastKnownFileType = sourcecode.c.h; path = EAGLView.h; sourceTree = "<group>"; };
		28FD14FD0DC6FC130079059D /* EAGLView.m */ = {isa = PBXFileReference; fileEncoding = 4; lastKnownFileType = sourcecode.c.objc; path = EAGLView.m; sourceTree = "<group>"; };
		29B97316FDCFA39411CA2CEA /* main.m */ = {isa = PBXFileReference; fileEncoding = 4; lastKnownFileType = sourcecode.c.objc; path = main.m; sourceTree = "<group>"; };
		6C34850922E2F6CB00221846 /* AlgeApp.hpp */ = {isa = PBXFileReference; lastKnownFileType = sourcecode.cpp.h; name = AlgeApp.hpp; path = ../../SDKSRC/Base/AlgeApp.hpp; sourceTree = "<group>"; };
		883E779B231655030014F5A1 /* candidate.h */ = {isa = PBXFileReference; fileEncoding = 4; lastKnownFileType = sourcecode.c.h; name = candidate.h; path = ../candidate.h; sourceTree = "<group>"; };
		889E89EC238EDFCA00EB20FA /* jpgd.cpp */ = {isa = PBXFileReference; fileEncoding = 4; lastKnownFileType = sourcecode.cpp.cpp; name = jpgd.cpp; path = ../../SDKSRC/Base/jpgd.cpp; sourceTree = "<group>"; };
		9C0EE48614A99E4800A32921 /* acnodelogo.tga */ = {isa = PBXFileReference; lastKnownFileType = file; path = acnodelogo.tga; sourceTree = "<group>"; };
		9C221B07153751F300EFEA23 /* Default@2x.png */ = {isa = PBXFileReference; lastKnownFileType = image.png; path = "Default@2x.png"; sourceTree = "<group>"; };
		9C221B091537523D00EFEA23 /* Default-Landscape~ipad.png */ = {isa = PBXFileReference; lastKnownFileType = image.png; name = "Default-Landscape~ipad.png"; path = "../New Group/Default-Landscape~ipad.png"; sourceTree = "<group>"; };
		9C27BA4F130A8B7E00B89793 /* Info.plist */ = {isa = PBXFileReference; lastKnownFileType = text.plist.xml; path = Info.plist; sourceTree = "<group>"; };
		9C317A48135B4DC7005DD266 /* Default.png */ = {isa = PBXFileReference; lastKnownFileType = image.png; path = Default.png; sourceTree = "<group>"; };
		9C3B7DD4135AF17D008EE6B1 /* AlgeApp.app */ = {isa = PBXFileReference; explicitFileType = wrapper.application; includeInIndex = 0; path = AlgeApp.app; sourceTree = BUILT_PRODUCTS_DIR; };
		9C4B598E1464136800ECBDB6 /* icon72.png */ = {isa = PBXFileReference; lastKnownFileType = image.png; path = icon72.png; sourceTree = "<group>"; };
		9C4E38F1143CA659006EDD6F /* AdViewController.h */ = {isa = PBXFileReference; fileEncoding = 4; lastKnownFileType = sourcecode.c.h; path = AdViewController.h; sourceTree = "<group>"; };
		9C4E38F2143CA659006EDD6F /* AdViewController.m */ = {isa = PBXFileReference; fileEncoding = 4; lastKnownFileType = sourcecode.c.objc; path = AdViewController.m; sourceTree = "<group>"; };
		9C4E38F3143CA659006EDD6F /* AdViewController.xib */ = {isa = PBXFileReference; fileEncoding = 4; lastKnownFileType = file.xib; path = AdViewController.xib; sourceTree = "<group>"; };
		9C4EDCA31324B637001725A4 /* alge_iphoneAppDelegate.h */ = {isa = PBXFileReference; fileEncoding = 4; lastKnownFileType = sourcecode.c.h; path = alge_iphoneAppDelegate.h; sourceTree = "<group>"; };
		9C4EDCA41324B637001725A4 /* alge_iphoneAppDelegate.m */ = {isa = PBXFileReference; fileEncoding = 4; lastKnownFileType = sourcecode.c.objc; path = alge_iphoneAppDelegate.m; sourceTree = "<group>"; };
		9C759F9221858FD9004DA337 /* camera.cpp */ = {isa = PBXFileReference; fileEncoding = 4; lastKnownFileType = sourcecode.cpp.cpp; name = camera.cpp; path = ../../../AlgeSDK/SDKSRC/Base/camera.cpp; sourceTree = "<group>"; };
		9C759F9321858FD9004DA337 /* camera.h */ = {isa = PBXFileReference; fileEncoding = 4; lastKnownFileType = sourcecode.c.h; name = camera.h; path = ../../../AlgeSDK/SDKSRC/Base/camera.h; sourceTree = "<group>"; };
		9CB01E3113A9B899006EDC2E /* AccelerometerFilter.h */ = {isa = PBXFileReference; fileEncoding = 4; lastKnownFileType = sourcecode.c.h; path = AccelerometerFilter.h; sourceTree = "<group>"; };
		9CB01E3213A9B899006EDC2E /* AccelerometerFilter.m */ = {isa = PBXFileReference; fileEncoding = 4; lastKnownFileType = sourcecode.c.objc; path = AccelerometerFilter.m; sourceTree = "<group>"; };
		9CB1BBD21432EFC00032B4BD /* icon57.png */ = {isa = PBXFileReference; lastKnownFileType = image.png; path = icon57.png; sourceTree = "<group>"; };
		9CB4344C135CAAB200F8C12F /* MainWindow~ipad.xib */ = {isa = PBXFileReference; lastKnownFileType = file.xib; path = "MainWindow~ipad.xib"; sourceTree = "<group>"; };
		9CB4344D135CAAB200F8C12F /* MainWindow~iphone.xib */ = {isa = PBXFileReference; lastKnownFileType = file.xib; path = "MainWindow~iphone.xib"; sourceTree = "<group>"; };
		9CC6B52C135B3C840099EA7E /* AVFoundation.framework */ = {isa = PBXFileReference; lastKnownFileType = wrapper.framework; name = AVFoundation.framework; path = System/Library/Frameworks/AVFoundation.framework; sourceTree = SDKROOT; };
		9CC6B52D135B3C840099EA7E /* CoreFoundation.framework */ = {isa = PBXFileReference; lastKnownFileType = wrapper.framework; name = CoreFoundation.framework; path = System/Library/Frameworks/CoreFoundation.framework; sourceTree = SDKROOT; };
		9CC6B52E135B3C840099EA7E /* CoreGraphics.framework */ = {isa = PBXFileReference; lastKnownFileType = wrapper.framework; name = CoreGraphics.framework; path = System/Library/Frameworks/CoreGraphics.framework; sourceTree = SDKROOT; };
		9CC6B52F135B3C840099EA7E /* Foundation.framework */ = {isa = PBXFileReference; lastKnownFileType = wrapper.framework; name = Foundation.framework; path = System/Library/Frameworks/Foundation.framework; sourceTree = SDKROOT; };
		9CC6B530135B3C840099EA7E /* MediaPlayer.framework */ = {isa = PBXFileReference; lastKnownFileType = wrapper.framework; name = MediaPlayer.framework; path = System/Library/Frameworks/MediaPlayer.framework; sourceTree = SDKROOT; };
		9CC6B531135B3C840099EA7E /* OpenGLES.framework */ = {isa = PBXFileReference; lastKnownFileType = wrapper.framework; name = OpenGLES.framework; path = System/Library/Frameworks/OpenGLES.framework; sourceTree = SDKROOT; };
		9CC6B532135B3C840099EA7E /* QuartzCore.framework */ = {isa = PBXFileReference; lastKnownFileType = wrapper.framework; name = QuartzCore.framework; path = System/Library/Frameworks/QuartzCore.framework; sourceTree = SDKROOT; };
		9CC6B533135B3C840099EA7E /* UIKit.framework */ = {isa = PBXFileReference; lastKnownFileType = wrapper.framework; name = UIKit.framework; path = System/Library/Frameworks/UIKit.framework; sourceTree = SDKROOT; };
		9CF1FCA613E29C70005FB6E5 /* Default-Portrait~ipad.png */ = {isa = PBXFileReference; lastKnownFileType = image.png; path = "Default-Portrait~ipad.png"; sourceTree = "<group>"; };
		9CF4C76C143B653700877BF1 /* iAd.framework */ = {isa = PBXFileReference; lastKnownFileType = wrapper.framework; name = iAd.framework; path = System/Library/Frameworks/iAd.framework; sourceTree = SDKROOT; };
		A54FD23425CE847E007E3950 /* b2PolygonContact.cpp */ = {isa = PBXFileReference; lastKnownFileType = sourcecode.cpp.cpp; name = b2PolygonContact.cpp; path = ../../../Box2D/Box2D/Dynamics/Contacts/b2PolygonContact.cpp; sourceTree = "<group>"; };
		A54FD23525CE847E007E3950 /* b2EdgeAndCircleContact.cpp */ = {isa = PBXFileReference; lastKnownFileType = sourcecode.cpp.cpp; name = b2EdgeAndCircleContact.cpp; path = ../../../Box2D/Box2D/Dynamics/Contacts/b2EdgeAndCircleContact.cpp; sourceTree = "<group>"; };
		A54FD23625CE847E007E3950 /* b2PolygonAndCircleContact.cpp */ = {isa = PBXFileReference; lastKnownFileType = sourcecode.cpp.cpp; name = b2PolygonAndCircleContact.cpp; path = ../../../Box2D/Box2D/Dynamics/Contacts/b2PolygonAndCircleContact.cpp; sourceTree = "<group>"; };
		A54FD23725CE847E007E3950 /* b2ContactSolver.cpp */ = {isa = PBXFileReference; lastKnownFileType = sourcecode.cpp.cpp; name = b2ContactSolver.cpp; path = ../../../Box2D/Box2D/Dynamics/Contacts/b2ContactSolver.cpp; sourceTree = "<group>"; };
		A54FD23925CE847E007E3950 /* b2ChainAndPolygonContact.cpp */ = {isa = PBXFileReference; lastKnownFileType = sourcecode.cpp.cpp; name = b2ChainAndPolygonContact.cpp; path = ../../../Box2D/Box2D/Dynamics/Contacts/b2ChainAndPolygonContact.cpp; sourceTree = "<group>"; };
		A54FD23A25CE847E007E3950 /* b2CircleContact.cpp */ = {isa = PBXFileReference; lastKnownFileType = sourcecode.cpp.cpp; name = b2CircleContact.cpp; path = ../../../Box2D/Box2D/Dynamics/Contacts/b2CircleContact.cpp; sourceTree = "<group>"; };
		A54FD23B25CE847E007E3950 /* b2EdgeAndPolygonContact.cpp */ = {isa = PBXFileReference; lastKnownFileType = sourcecode.cpp.cpp; name = b2EdgeAndPolygonContact.cpp; path = ../../../Box2D/Box2D/Dynamics/Contacts/b2EdgeAndPolygonContact.cpp; sourceTree = "<group>"; };
		A54FD23C25CE847E007E3950 /* b2Contact.cpp */ = {isa = PBXFileReference; lastKnownFileType = sourcecode.cpp.cpp; name = b2Contact.cpp; path = ../../../Box2D/Box2D/Dynamics/Contacts/b2Contact.cpp; sourceTree = "<group>"; };
		A54FD24725CE84B9007E3950 /* imgui_demo.cpp */ = {isa = PBXFileReference; lastKnownFileType = sourcecode.cpp.cpp; name = imgui_demo.cpp; path = ../../../imgui/imgui_demo.cpp; sourceTree = "<group>"; };
		A54FD24A25CE851A007E3950 /* b2RopeJoint.cpp */ = {isa = PBXFileReference; lastKnownFileType = sourcecode.cpp.cpp; name = b2RopeJoint.cpp; path = ../../../Box2D/Box2D/Dynamics/Joints/b2RopeJoint.cpp; sourceTree = "<group>"; };
		A54FD24B25CE851A007E3950 /* b2WheelJoint.cpp */ = {isa = PBXFileReference; lastKnownFileType = sourcecode.cpp.cpp; name = b2WheelJoint.cpp; path = ../../../Box2D/Box2D/Dynamics/Joints/b2WheelJoint.cpp; sourceTree = "<group>"; };
		A54FD24C25CE851A007E3950 /* b2PulleyJoint.cpp */ = {isa = PBXFileReference; lastKnownFileType = sourcecode.cpp.cpp; name = b2PulleyJoint.cpp; path = ../../../Box2D/Box2D/Dynamics/Joints/b2PulleyJoint.cpp; sourceTree = "<group>"; };
		A54FD24D25CE851A007E3950 /* b2MotorJoint.cpp */ = {isa = PBXFileReference; lastKnownFileType = sourcecode.cpp.cpp; name = b2MotorJoint.cpp; path = ../../../Box2D/Box2D/Dynamics/Joints/b2MotorJoint.cpp; sourceTree = "<group>"; };
		A54FD24E25CE851A007E3950 /* b2GearJoint.cpp */ = {isa = PBXFileReference; lastKnownFileType = sourcecode.cpp.cpp; name = b2GearJoint.cpp; path = ../../../Box2D/Box2D/Dynamics/Joints/b2GearJoint.cpp; sourceTree = "<group>"; };
		A54FD24F25CE851A007E3950 /* b2MouseJoint.cpp */ = {isa = PBXFileReference; lastKnownFileType = sourcecode.cpp.cpp; name = b2MouseJoint.cpp; path = ../../../Box2D/Box2D/Dynamics/Joints/b2MouseJoint.cpp; sourceTree = "<group>"; };
		A54FD25025CE851A007E3950 /* b2PrismaticJoint.cpp */ = {isa = PBXFileReference; lastKnownFileType = sourcecode.cpp.cpp; name = b2PrismaticJoint.cpp; path = ../../../Box2D/Box2D/Dynamics/Joints/b2PrismaticJoint.cpp; sourceTree = "<group>"; };
		A54FD25125CE851A007E3950 /* b2WeldJoint.cpp */ = {isa = PBXFileReference; lastKnownFileType = sourcecode.cpp.cpp; name = b2WeldJoint.cpp; path = ../../../Box2D/Box2D/Dynamics/Joints/b2WeldJoint.cpp; sourceTree = "<group>"; };
		A54FD25225CE851A007E3950 /* b2DistanceJoint.cpp */ = {isa = PBXFileReference; lastKnownFileType = sourcecode.cpp.cpp; name = b2DistanceJoint.cpp; path = ../../../Box2D/Box2D/Dynamics/Joints/b2DistanceJoint.cpp; sourceTree = "<group>"; };
		A54FD25325CE851A007E3950 /* b2Joint.cpp */ = {isa = PBXFileReference; lastKnownFileType = sourcecode.cpp.cpp; name = b2Joint.cpp; path = ../../../Box2D/Box2D/Dynamics/Joints/b2Joint.cpp; sourceTree = "<group>"; };
		A54FD25425CE851A007E3950 /* b2FrictionJoint.cpp */ = {isa = PBXFileReference; lastKnownFileType = sourcecode.cpp.cpp; name = b2FrictionJoint.cpp; path = ../../../Box2D/Box2D/Dynamics/Joints/b2FrictionJoint.cpp; sourceTree = "<group>"; };
		A54FD25525CE851A007E3950 /* b2RevoluteJoint.cpp */ = {isa = PBXFileReference; lastKnownFileType = sourcecode.cpp.cpp; name = b2RevoluteJoint.cpp; path = ../../../Box2D/Box2D/Dynamics/Joints/b2RevoluteJoint.cpp; sourceTree = "<group>"; };
		A54FD26325CE85F6007E3950 /* b2Island.cpp */ = {isa = PBXFileReference; lastKnownFileType = sourcecode.cpp.cpp; name = b2Island.cpp; path = ../../../Box2D/Box2D/Box2D/Dynamics/b2Island.cpp; sourceTree = "<group>"; };
		A54FD26425CE85F6007E3950 /* b2Body.cpp */ = {isa = PBXFileReference; lastKnownFileType = sourcecode.cpp.cpp; name = b2Body.cpp; path = ../../../Box2D/Box2D/Box2D/Dynamics/b2Body.cpp; sourceTree = "<group>"; };
		A54FD26525CE85F6007E3950 /* b2WorldCallbacks.cpp */ = {isa = PBXFileReference; lastKnownFileType = sourcecode.cpp.cpp; name = b2WorldCallbacks.cpp; path = ../../../Box2D/Box2D/Box2D/Dynamics/b2WorldCallbacks.cpp; sourceTree = "<group>"; };
		A54FD26625CE85F6007E3950 /* b2World.cpp */ = {isa = PBXFileReference; lastKnownFileType = sourcecode.cpp.cpp; name = b2World.cpp; path = ../../../Box2D/Box2D/Box2D/Dynamics/b2World.cpp; sourceTree = "<group>"; };
		A54FD26725CE85F6007E3950 /* b2ContactManager.cpp */ = {isa = PBXFileReference; lastKnownFileType = sourcecode.cpp.cpp; name = b2ContactManager.cpp; path = ../../../Box2D/Box2D/Box2D/Dynamics/b2ContactManager.cpp; sourceTree = "<group>"; };
		A54FD26825CE85F6007E3950 /* b2Fixture.cpp */ = {isa = PBXFileReference; lastKnownFileType = sourcecode.cpp.cpp; name = b2Fixture.cpp; path = ../../../Box2D/Box2D/Box2D/Dynamics/b2Fixture.cpp; sourceTree = "<group>"; };
		A54FD27025CE8624007E3950 /* b2Timer.cpp */ = {isa = PBXFileReference; lastKnownFileType = sourcecode.cpp.cpp; name = b2Timer.cpp; path = ../../../Box2D/Box2D/Common/b2Timer.cpp; sourceTree = "<group>"; };
		A54FD27125CE8624007E3950 /* b2BlockAllocator.cpp */ = {isa = PBXFileReference; lastKnownFileType = sourcecode.cpp.cpp; name = b2BlockAllocator.cpp; path = ../../../Box2D/Box2D/Common/b2BlockAllocator.cpp; sourceTree = "<group>"; };
		A54FD27225CE8624007E3950 /* b2StackAllocator.cpp */ = {isa = PBXFileReference; lastKnownFileType = sourcecode.cpp.cpp; name = b2StackAllocator.cpp; path = ../../../Box2D/Box2D/Common/b2StackAllocator.cpp; sourceTree = "<group>"; };
		A54FD27425CE8624007E3950 /* b2Settings.cpp */ = {isa = PBXFileReference; lastKnownFileType = sourcecode.cpp.cpp; name = b2Settings.cpp; path = ../../../Box2D/Box2D/Common/b2Settings.cpp; sourceTree = "<group>"; };
		A54FD27E25CE8723007E3950 /* b2ChainAndCircleContact.cpp */ = {isa = PBXFileReference; lastKnownFileType = sourcecode.cpp.cpp; name = b2ChainAndCircleContact.cpp; path = ../../../Box2D/Box2D/Dynamics/Contacts/b2ChainAndCircleContact.cpp; sourceTree = "<group>"; };
		A54FD28125CE8794007E3950 /* imgui_draw.cpp */ = {isa = PBXFileReference; lastKnownFileType = sourcecode.cpp.cpp; name = imgui_draw.cpp; path = ../../../imgui/imgui_draw.cpp; sourceTree = "<group>"; };
		A54FD28425CE88A5007E3950 /* b2EdgeShape.cpp */ = {isa = PBXFileReference; lastKnownFileType = sourcecode.cpp.cpp; name = b2EdgeShape.cpp; path = ../../../Box2D/Box2D/Collision/Shapes/b2EdgeShape.cpp; sourceTree = "<group>"; };
		A54FD28525CE88A5007E3950 /* b2ChainShape.cpp */ = {isa = PBXFileReference; lastKnownFileType = sourcecode.cpp.cpp; name = b2ChainShape.cpp; path = ../../../Box2D/Box2D/Collision/Shapes/b2ChainShape.cpp; sourceTree = "<group>"; };
		A54FD28625CE88A5007E3950 /* b2PolygonShape.cpp */ = {isa = PBXFileReference; lastKnownFileType = sourcecode.cpp.cpp; name = b2PolygonShape.cpp; path = ../../../Box2D/Box2D/Collision/Shapes/b2PolygonShape.cpp; sourceTree = "<group>"; };
		A54FD28725CE88A5007E3950 /* b2CircleShape.cpp */ = {isa = PBXFileReference; lastKnownFileType = sourcecode.cpp.cpp; name = b2CircleShape.cpp; path = ../../../Box2D/Box2D/Collision/Shapes/b2CircleShape.cpp; sourceTree = "<group>"; };
		A54FD28D25CE8920007E3950 /* b2CollideCircle.cpp */ = {isa = PBXFileReference; lastKnownFileType = sourcecode.cpp.cpp; name = b2CollideCircle.cpp; path = ../../../Box2D/Box2D/Collision/b2CollideCircle.cpp; sourceTree = "<group>"; };
		A54FD28E25CE8920007E3950 /* b2Collision.cpp */ = {isa = PBXFileReference; lastKnownFileType = sourcecode.cpp.cpp; name = b2Collision.cpp; path = ../../../Box2D/Box2D/Collision/b2Collision.cpp; sourceTree = "<group>"; };
		A54FD28F25CE8920007E3950 /* b2Distance.cpp */ = {isa = PBXFileReference; lastKnownFileType = sourcecode.cpp.cpp; name = b2Distance.cpp; path = ../../../Box2D/Box2D/Collision/b2Distance.cpp; sourceTree = "<group>"; };
		A54FD29025CE8920007E3950 /* b2TimeOfImpact.cpp */ = {isa = PBXFileReference; lastKnownFileType = sourcecode.cpp.cpp; name = b2TimeOfImpact.cpp; path = ../../../Box2D/Box2D/Collision/b2TimeOfImpact.cpp; sourceTree = "<group>"; };
		A54FD29125CE8920007E3950 /* b2DynamicTree.cpp */ = {isa = PBXFileReference; lastKnownFileType = sourcecode.cpp.cpp; name = b2DynamicTree.cpp; path = ../../../Box2D/Box2D/Collision/b2DynamicTree.cpp; sourceTree = "<group>"; };
		A54FD29225CE8920007E3950 /* b2BroadPhase.cpp */ = {isa = PBXFileReference; lastKnownFileType = sourcecode.cpp.cpp; name = b2BroadPhase.cpp; path = ../../../Box2D/Box2D/Collision/b2BroadPhase.cpp; sourceTree = "<group>"; };
		A54FD29325CE8920007E3950 /* b2CollidePolygon.cpp */ = {isa = PBXFileReference; lastKnownFileType = sourcecode.cpp.cpp; name = b2CollidePolygon.cpp; path = ../../../Box2D/Box2D/Collision/b2CollidePolygon.cpp; sourceTree = "<group>"; };
		A54FD29C25CE8981007E3950 /* b2Math.cpp */ = {isa = PBXFileReference; lastKnownFileType = sourcecode.cpp.cpp; name = b2Math.cpp; path = ../../../Box2D/Box2D/Common/b2Math.cpp; sourceTree = "<group>"; };
		A54FD29D25CE8981007E3950 /* b2BlockAllocator.cpp */ = {isa = PBXFileReference; lastKnownFileType = sourcecode.cpp.cpp; name = b2BlockAllocator.cpp; path = ../../../Box2D/Box2D/Common/b2BlockAllocator.cpp; sourceTree = "<group>"; };
		A54FD29E25CE8981007E3950 /* b2Draw.cpp */ = {isa = PBXFileReference; lastKnownFileType = sourcecode.cpp.cpp; name = b2Draw.cpp; path = ../../../Box2D/Box2D/Common/b2Draw.cpp; sourceTree = "<group>"; };
		A54FD29F25CE8981007E3950 /* b2StackAllocator.cpp */ = {isa = PBXFileReference; lastKnownFileType = sourcecode.cpp.cpp; name = b2StackAllocator.cpp; path = ../../../Box2D/Box2D/Common/b2StackAllocator.cpp; sourceTree = "<group>"; };
		A54FD2A025CE8981007E3950 /* b2Timer.cpp */ = {isa = PBXFileReference; lastKnownFileType = sourcecode.cpp.cpp; name = b2Timer.cpp; path = ../../../Box2D/Box2D/Common/b2Timer.cpp; sourceTree = "<group>"; };
		A54FD2A125CE8981007E3950 /* b2Settings.cpp */ = {isa = PBXFileReference; lastKnownFileType = sourcecode.cpp.cpp; name = b2Settings.cpp; path = ../../../Box2D/Box2D/Common/b2Settings.cpp; sourceTree = "<group>"; };
		A54FD2A925CE8A6A007E3950 /* b2CollideEdge.cpp */ = {isa = PBXFileReference; lastKnownFileType = sourcecode.cpp.cpp; name = b2CollideEdge.cpp; path = Collision/b2CollideEdge.cpp; sourceTree = "<group>"; };
		A54FD2AA25CE8A6A007E3950 /* b2CollideCircle.cpp */ = {isa = PBXFileReference; lastKnownFileType = sourcecode.cpp.cpp; name = b2CollideCircle.cpp; path = Collision/b2CollideCircle.cpp; sourceTree = "<group>"; };
		A54FD2B025CECA6A007E3950 /* imgui_widgets.cpp */ = {isa = PBXFileReference; lastKnownFileType = sourcecode.cpp.cpp; name = imgui_widgets.cpp; path = ../../../imgui/imgui_widgets.cpp; sourceTree = "<group>"; };
		A54FD2B125CECA6A007E3950 /* imgui_demo.cpp */ = {isa = PBXFileReference; lastKnownFileType = sourcecode.cpp.cpp; name = imgui_demo.cpp; path = ../../../imgui/imgui_demo.cpp; sourceTree = "<group>"; };
		A54FD2B225CECA6A007E3950 /* imgui.cpp */ = {isa = PBXFileReference; lastKnownFileType = sourcecode.cpp.cpp; name = imgui.cpp; path = ../../../imgui/imgui.cpp; sourceTree = "<group>"; };
		A54FD2B725CECA88007E3950 /* imgui_draw.cpp */ = {isa = PBXFileReference; lastKnownFileType = sourcecode.cpp.cpp; name = imgui_draw.cpp; path = ../../../imgui/imgui_draw.cpp; sourceTree = "<group>"; };
		A54FD2BF25CECC8E007E3950 /* imgui_impl_opengl2.h */ = {isa = PBXFileReference; fileEncoding = 4; lastKnownFileType = sourcecode.c.h; path = imgui_impl_opengl2.h; sourceTree = "<group>"; };
		A54FD2C025CECC8E007E3950 /* imgui_impl_opengl2.cpp */ = {isa = PBXFileReference; fileEncoding = 4; lastKnownFileType = sourcecode.cpp.cpp; path = imgui_impl_opengl2.cpp; sourceTree = "<group>"; };
		A55BA3E725CD1C4E00281BCF /* Data */ = {isa = PBXFileReference; lastKnownFileType = folder; name = Data; path = ../../Apps/COMMON.Assets/Data; sourceTree = "<group>"; };
		A5657FBE25CD1FF600335140 /* collect.sh */ = {isa = PBXFileReference; fileEncoding = 4; lastKnownFileType = text.script.sh; name = collect.sh; path = ../../Apps/collect.sh; sourceTree = "<group>"; };
		A58582D325CD781800F07AB1 /* AlgeApp.entitlements */ = {isa = PBXFileReference; lastKnownFileType = text.plist.entitlements; path = AlgeApp.entitlements; sourceTree = "<group>"; };
		FA4AB21B1EBCD44B006141FA /* app.h */ = {isa = PBXFileReference; fileEncoding = 4; lastKnownFileType = sourcecode.c.h; path = app.h; sourceTree = "<group>"; };
		FA4AB21C1EBCD44B006141FA /* device-app.cpp */ = {isa = PBXFileReference; fileEncoding = 4; lastKnownFileType = sourcecode.cpp.cpp; path = "device-app.cpp"; sourceTree = "<group>"; };
		FA4AB2211EBCD846006141FA /* Default-568h@2x.png */ = {isa = PBXFileReference; lastKnownFileType = image.png; path = "Default-568h@2x.png"; sourceTree = "<group>"; };
		FA9837B41EBC9329002F2850 /* PlayYouTubeInWebViewController.m */ = {isa = PBXFileReference; fileEncoding = 4; lastKnownFileType = sourcecode.c.objc; path = PlayYouTubeInWebViewController.m; sourceTree = "<group>"; };
		FADABDB81EBCBA1E00E174CB /* UIViewController_RootViewController.h */ = {isa = PBXFileReference; fileEncoding = 4; lastKnownFileType = sourcecode.c.h; path = UIViewController_RootViewController.h; sourceTree = "<group>"; };
		FADABDB91EBCC01200E174CB /* UIViewController_RootViewController.m */ = {isa = PBXFileReference; fileEncoding = 4; lastKnownFileType = sourcecode.c.objc; path = UIViewController_RootViewController.m; sourceTree = "<group>"; };
/* End PBXFileReference section */

/* Begin PBXFrameworksBuildPhase section */
		1D60588F0D05DD3D006BFB54 /* Frameworks */ = {
			isa = PBXFrameworksBuildPhase;
			buildActionMask = 2147483647;
			files = (
				9CF4C76D143B653700877BF1 /* iAd.framework in Frameworks */,
				9CC6B534135B3C850099EA7E /* AVFoundation.framework in Frameworks */,
				9CC6B535135B3C850099EA7E /* CoreFoundation.framework in Frameworks */,
				9CC6B536135B3C850099EA7E /* CoreGraphics.framework in Frameworks */,
				9CC6B537135B3C850099EA7E /* Foundation.framework in Frameworks */,
				9CC6B538135B3C850099EA7E /* MediaPlayer.framework in Frameworks */,
				9CC6B539135B3C850099EA7E /* OpenGLES.framework in Frameworks */,
				9CC6B53A135B3C850099EA7E /* QuartzCore.framework in Frameworks */,
				9CC6B53B135B3C850099EA7E /* UIKit.framework in Frameworks */,
			);
			runOnlyForDeploymentPostprocessing = 0;
		};
/* End PBXFrameworksBuildPhase section */

/* Begin PBXGroup section */
		080E96DDFE201D6D7F000001 /* Classes */ = {
			isa = PBXGroup;
			children = (
				9CB01E3113A9B899006EDC2E /* AccelerometerFilter.h */,
				9CB01E3213A9B899006EDC2E /* AccelerometerFilter.m */,
				9C4EDCA31324B637001725A4 /* alge_iphoneAppDelegate.h */,
				9C4EDCA41324B637001725A4 /* alge_iphoneAppDelegate.m */,
				2514C26D10084DB100A42282 /* ES1Renderer.h */,
				2514C26E10084DB100A42282 /* ES1Renderer.m */,
				28FD14FC0DC6FC130079059D /* EAGLView.h */,
				28FD14FD0DC6FC130079059D /* EAGLView.m */,
				FADABDB91EBCC01200E174CB /* UIViewController_RootViewController.m */,
				FADABDB81EBCBA1E00E174CB /* UIViewController_RootViewController.h */,
			);
			path = Classes;
			sourceTree = "<group>";
		};
		19C28FACFE9D520D11CA2CBB /* Products */ = {
			isa = PBXGroup;
			children = (
				9C3B7DD4135AF17D008EE6B1 /* AlgeApp.app */,
			);
			name = Products;
			sourceTree = "<group>";
		};
		29B97314FDCFA39411CA2CEA /* CustomTemplate */ = {
			isa = PBXGroup;
			children = (
				883E779B231655030014F5A1 /* candidate.h */,
				A55BA3E725CD1C4E00281BCF /* Data */,
				A54FD2C025CECC8E007E3950 /* imgui_impl_opengl2.cpp */,
				A54FD2BF25CECC8E007E3950 /* imgui_impl_opengl2.h */,
				A54FD2B725CECA88007E3950 /* imgui_draw.cpp */,
				A54FD2B125CECA6A007E3950 /* imgui_demo.cpp */,
				A54FD2B025CECA6A007E3950 /* imgui_widgets.cpp */,
				A54FD2B225CECA6A007E3950 /* imgui.cpp */,
				A54FD2AA25CE8A6A007E3950 /* b2CollideCircle.cpp */,
				A54FD2A925CE8A6A007E3950 /* b2CollideEdge.cpp */,
				A54FD29D25CE8981007E3950 /* b2BlockAllocator.cpp */,
				A54FD29E25CE8981007E3950 /* b2Draw.cpp */,
				A54FD29C25CE8981007E3950 /* b2Math.cpp */,
				A54FD2A125CE8981007E3950 /* b2Settings.cpp */,
				A54FD29F25CE8981007E3950 /* b2StackAllocator.cpp */,
				A54FD2A025CE8981007E3950 /* b2Timer.cpp */,
				A54FD29225CE8920007E3950 /* b2BroadPhase.cpp */,
				A54FD28D25CE8920007E3950 /* b2CollideCircle.cpp */,
				A54FD29325CE8920007E3950 /* b2CollidePolygon.cpp */,
				A54FD28E25CE8920007E3950 /* b2Collision.cpp */,
				A54FD28F25CE8920007E3950 /* b2Distance.cpp */,
				A54FD29125CE8920007E3950 /* b2DynamicTree.cpp */,
				A54FD29025CE8920007E3950 /* b2TimeOfImpact.cpp */,
				A54FD28525CE88A5007E3950 /* b2ChainShape.cpp */,
				A54FD28725CE88A5007E3950 /* b2CircleShape.cpp */,
				A54FD28425CE88A5007E3950 /* b2EdgeShape.cpp */,
				A54FD28625CE88A5007E3950 /* b2PolygonShape.cpp */,
				A54FD28125CE8794007E3950 /* imgui_draw.cpp */,
				A54FD27E25CE8723007E3950 /* b2ChainAndCircleContact.cpp */,
				A54FD27425CE8624007E3950 /* b2Settings.cpp */,
				A54FD27125CE8624007E3950 /* b2BlockAllocator.cpp */,
				A54FD27225CE8624007E3950 /* b2StackAllocator.cpp */,
				A54FD27025CE8624007E3950 /* b2Timer.cpp */,
				A54FD26425CE85F6007E3950 /* b2Body.cpp */,
				A54FD26725CE85F6007E3950 /* b2ContactManager.cpp */,
				A54FD26825CE85F6007E3950 /* b2Fixture.cpp */,
				A54FD26325CE85F6007E3950 /* b2Island.cpp */,
				A54FD26625CE85F6007E3950 /* b2World.cpp */,
				A54FD26525CE85F6007E3950 /* b2WorldCallbacks.cpp */,
				A54FD25225CE851A007E3950 /* b2DistanceJoint.cpp */,
				A54FD25425CE851A007E3950 /* b2FrictionJoint.cpp */,
				A54FD24E25CE851A007E3950 /* b2GearJoint.cpp */,
				A54FD25325CE851A007E3950 /* b2Joint.cpp */,
				A54FD24D25CE851A007E3950 /* b2MotorJoint.cpp */,
				A54FD24F25CE851A007E3950 /* b2MouseJoint.cpp */,
				A54FD25025CE851A007E3950 /* b2PrismaticJoint.cpp */,
				A54FD24C25CE851A007E3950 /* b2PulleyJoint.cpp */,
				A54FD25525CE851A007E3950 /* b2RevoluteJoint.cpp */,
				A54FD24A25CE851A007E3950 /* b2RopeJoint.cpp */,
				A54FD25125CE851A007E3950 /* b2WeldJoint.cpp */,
				A54FD23925CE847E007E3950 /* b2ChainAndPolygonContact.cpp */,
				A54FD24B25CE851A007E3950 /* b2WheelJoint.cpp */,
				A54FD24725CE84B9007E3950 /* imgui_demo.cpp */,
				A54FD23A25CE847E007E3950 /* b2CircleContact.cpp */,
				A54FD23C25CE847E007E3950 /* b2Contact.cpp */,
				A54FD23725CE847E007E3950 /* b2ContactSolver.cpp */,
				A54FD23525CE847E007E3950 /* b2EdgeAndCircleContact.cpp */,
				A54FD23B25CE847E007E3950 /* b2EdgeAndPolygonContact.cpp */,
				A54FD23625CE847E007E3950 /* b2PolygonAndCircleContact.cpp */,
				A54FD23425CE847E007E3950 /* b2PolygonContact.cpp */,
				A58582D325CD781800F07AB1 /* AlgeApp.entitlements */,
				A5657FBE25CD1FF600335140 /* collect.sh */,
				6C34850922E2F6CB00221846 /* AlgeApp.hpp */,
				9CBCE83C20E4B9F70062EEAD /* App Icons */,
				9CBCE83B20E4B9B60062EEAD /* LaunchScreen Images */,
				9CF4C76C143B653700877BF1 /* iAd.framework */,
				9CC6B52C135B3C840099EA7E /* AVFoundation.framework */,
				9CC6B52D135B3C840099EA7E /* CoreFoundation.framework */,
				9CC6B52E135B3C840099EA7E /* CoreGraphics.framework */,
				9CC6B52F135B3C840099EA7E /* Foundation.framework */,
				9CC6B530135B3C840099EA7E /* MediaPlayer.framework */,
				9CC6B531135B3C840099EA7E /* OpenGLES.framework */,
				9CC6B532135B3C840099EA7E /* QuartzCore.framework */,
				9CC6B533135B3C840099EA7E /* UIKit.framework */,
				9C5F139B1324D34A0059AAF2 /* Vanilla */,
				080E96DDFE201D6D7F000001 /* Classes */,
				29B97315FDCFA39411CA2CEA /* Other Sources */,
				29B97317FDCFA39411CA2CEA /* Resources */,
				9C7FF83F13D75C6C004C41A2 /* iPad */,
				29B97323FDCFA39411CA2CEA /* Frameworks */,
				19C28FACFE9D520D11CA2CBB /* Products */,
			);
			name = CustomTemplate;
			sourceTree = "<group>";
		};
		29B97315FDCFA39411CA2CEA /* Other Sources */ = {
			isa = PBXGroup;
			children = (
				889E89EC238EDFCA00EB20FA /* jpgd.cpp */,
				9C759F9221858FD9004DA337 /* camera.cpp */,
				9C759F9321858FD9004DA337 /* camera.h */,
				FA9837B41EBC9329002F2850 /* PlayYouTubeInWebViewController.m */,
				9C4E38F1143CA659006EDD6F /* AdViewController.h */,
				9C4E38F2143CA659006EDD6F /* AdViewController.m */,
				9C4E38F3143CA659006EDD6F /* AdViewController.xib */,
				FA4AB21B1EBCD44B006141FA /* app.h */,
				FA4AB21C1EBCD44B006141FA /* device-app.cpp */,
				29B97316FDCFA39411CA2CEA /* main.m */,
			);
			name = "Other Sources";
			sourceTree = "<group>";
		};
		29B97317FDCFA39411CA2CEA /* Resources */ = {
			isa = PBXGroup;
			children = (
				9C0EE48614A99E4800A32921 /* acnodelogo.tga */,
				9CB4344C135CAAB200F8C12F /* MainWindow~ipad.xib */,
				9CB4344D135CAAB200F8C12F /* MainWindow~iphone.xib */,
				9C317A48135B4DC7005DD266 /* Default.png */,
				9C27BA4F130A8B7E00B89793 /* Info.plist */,
			);
			name = Resources;
			sourceTree = "<group>";
		};
		29B97323FDCFA39411CA2CEA /* Frameworks */ = {
			isa = PBXGroup;
			children = (
			);
			name = Frameworks;
			sourceTree = "<group>";
		};
		9C5F139B1324D34A0059AAF2 /* Vanilla */ = {
			isa = PBXGroup;
			children = (
			);
			name = Vanilla;
			sourceTree = "<group>";
		};
		9C7FF83F13D75C6C004C41A2 /* iPad */ = {
			isa = PBXGroup;
			children = (
			);
			name = iPad;
			sourceTree = "<group>";
		};
		9CBCE83B20E4B9B60062EEAD /* LaunchScreen Images */ = {
			isa = PBXGroup;
			children = (
				9C221B091537523D00EFEA23 /* Default-Landscape~ipad.png */,
				9CF1FCA613E29C70005FB6E5 /* Default-Portrait~ipad.png */,
				FA4AB2211EBCD846006141FA /* Default-568h@2x.png */,
				9C221B07153751F300EFEA23 /* Default@2x.png */,
			);
			path = "LaunchScreen Images";
			sourceTree = "<group>";
		};
		9CBCE83C20E4B9F70062EEAD /* App Icons */ = {
			isa = PBXGroup;
			children = (
				9C4B598E1464136800ECBDB6 /* icon72.png */,
				9CB1BBD21432EFC00032B4BD /* icon57.png */,
			);
			name = "App Icons";
			sourceTree = "<group>";
		};
/* End PBXGroup section */

/* Begin PBXNativeTarget section */
		1D6058900D05DD3D006BFB54 /* AlgeApp */ = {
			isa = PBXNativeTarget;
			buildConfigurationList = 1D6058960D05DD3E006BFB54 /* Build configuration list for PBXNativeTarget "AlgeApp" */;
			buildPhases = (
				1D60588D0D05DD3D006BFB54 /* Resources */,
				1D60588E0D05DD3D006BFB54 /* Sources */,
				1D60588F0D05DD3D006BFB54 /* Frameworks */,
				883E77C7231665DB0014F5A1 /* CopyFiles */,
			);
			buildRules = (
			);
			dependencies = (
			);
			name = AlgeApp;
			productName = "san-angeles-iphone";
			productReference = 9C3B7DD4135AF17D008EE6B1 /* AlgeApp.app */;
			productType = "com.apple.product-type.application";
		};
/* End PBXNativeTarget section */

/* Begin PBXProject section */
		29B97313FDCFA39411CA2CEA /* Project object */ = {
			isa = PBXProject;
			attributes = {
				LastUpgradeCheck = 1240;
				TargetAttributes = {
					1D6058900D05DD3D006BFB54 = {
						DevelopmentTeam = G84BL5U52X;
						ProvisioningStyle = Automatic;
					};
				};
			};
			buildConfigurationList = C01FCF4E08A954540054247B /* Build configuration list for PBXProject "Alge-Apple-ASeries" */;
			compatibilityVersion = "Xcode 3.2";
			developmentRegion = en;
			hasScannedForEncodings = 1;
			knownRegions = (
				en,
				Base,
			);
			mainGroup = 29B97314FDCFA39411CA2CEA /* CustomTemplate */;
			projectDirPath = "";
			projectRoot = "";
			targets = (
				1D6058900D05DD3D006BFB54 /* AlgeApp */,
			);
		};
/* End PBXProject section */

/* Begin PBXResourcesBuildPhase section */
		1D60588D0D05DD3D006BFB54 /* Resources */ = {
			isa = PBXResourcesBuildPhase;
			buildActionMask = 2147483647;
			files = (
				9C317A49135B4DC7005DD266 /* Default.png in Resources */,
				9CB4344E135CAAB200F8C12F /* MainWindow~ipad.xib in Resources */,
				A55BA3E825CD1C4E00281BCF /* Data in Resources */,
				9CB4344F135CAAB200F8C12F /* MainWindow~iphone.xib in Resources */,
				9CF1FCA713E29C70005FB6E5 /* Default-Portrait~ipad.png in Resources */,
				9CB1BBD31432EFC00032B4BD /* icon57.png in Resources */,
				FA4AB2221EBCD846006141FA /* Default-568h@2x.png in Resources */,
				9C4E38F5143CA659006EDD6F /* AdViewController.xib in Resources */,
				9C4B598F1464136800ECBDB6 /* icon72.png in Resources */,
				9C0EE48714A99E4800A32921 /* acnodelogo.tga in Resources */,
				9C221B08153751F300EFEA23 /* Default@2x.png in Resources */,
				A5657FBF25CD1FF600335140 /* collect.sh in Resources */,
				9C221B0A1537523D00EFEA23 /* Default-Landscape~ipad.png in Resources */,
			);
			runOnlyForDeploymentPostprocessing = 0;
		};
/* End PBXResourcesBuildPhase section */

/* Begin PBXSourcesBuildPhase section */
		1D60588E0D05DD3D006BFB54 /* Sources */ = {
			isa = PBXSourcesBuildPhase;
			buildActionMask = 2147483647;
			files = (
				A54FD2B825CECA88007E3950 /* imgui_draw.cpp in Sources */,
				A54FD2B425CECA6A007E3950 /* imgui_demo.cpp in Sources */,
				A54FD2B325CECA6A007E3950 /* imgui_widgets.cpp in Sources */,
				A54FD2B525CECA6A007E3950 /* imgui.cpp in Sources */,
				A54FD2AB25CE8A6A007E3950 /* b2CollideEdge.cpp in Sources */,
				A54FD24325CE847E007E3950 /* b2CircleContact.cpp in Sources */,
				A54FD27F25CE8723007E3950 /* b2ChainAndCircleContact.cpp in Sources */,
				889E89ED238EDFCA00EB20FA /* jpgd.cpp in Sources */,
				A54FD24425CE847E007E3950 /* b2EdgeAndPolygonContact.cpp in Sources */,
				A54FD23F25CE847E007E3950 /* b2PolygonAndCircleContact.cpp in Sources */,
				A54FD24525CE847E007E3950 /* b2Contact.cpp in Sources */,
				A54FD23E25CE847E007E3950 /* b2EdgeAndCircleContact.cpp in Sources */,
				A54FD24225CE847E007E3950 /* b2ChainAndPolygonContact.cpp in Sources */,
				A54FD24025CE847E007E3950 /* b2ContactSolver.cpp in Sources */,
				A54FD23D25CE847E007E3950 /* b2PolygonContact.cpp in Sources */,
				A54FD25725CE851A007E3950 /* b2WheelJoint.cpp in Sources */,
				A54FD26025CE851A007E3950 /* b2FrictionJoint.cpp in Sources */,
				A54FD25A25CE851A007E3950 /* b2GearJoint.cpp in Sources */,
				A54FD25E25CE851A007E3950 /* b2DistanceJoint.cpp in Sources */,
				A54FD25C25CE851A007E3950 /* b2PrismaticJoint.cpp in Sources */,
				A54FD25F25CE851A007E3950 /* b2Joint.cpp in Sources */,
				A54FD25825CE851A007E3950 /* b2PulleyJoint.cpp in Sources */,
				A54FD25D25CE851A007E3950 /* b2WeldJoint.cpp in Sources */,
				A54FD25925CE851A007E3950 /* b2MotorJoint.cpp in Sources */,
				A54FD26125CE851A007E3950 /* b2RevoluteJoint.cpp in Sources */,
				A54FD25625CE851A007E3950 /* b2RopeJoint.cpp in Sources */,
				A54FD25B25CE851A007E3950 /* b2MouseJoint.cpp in Sources */,
				A54FD26D25CE85F6007E3950 /* b2ContactManager.cpp in Sources */,
				A54FD26925CE85F6007E3950 /* b2Island.cpp in Sources */,
				A54FD26C25CE85F6007E3950 /* b2World.cpp in Sources */,
				A54FD26B25CE85F6007E3950 /* b2WorldCallbacks.cpp in Sources */,
				A54FD26E25CE85F6007E3950 /* b2Fixture.cpp in Sources */,
				A54FD28A25CE88A5007E3950 /* b2PolygonShape.cpp in Sources */,
				A54FD28825CE88A5007E3950 /* b2EdgeShape.cpp in Sources */,
				A54FD28925CE88A5007E3950 /* b2ChainShape.cpp in Sources */,
				A54FD28B25CE88A5007E3950 /* b2CircleShape.cpp in Sources */,
				A54FD29425CE8920007E3950 /* b2CollideCircle.cpp in Sources */,
				A54FD29525CE8920007E3950 /* b2Collision.cpp in Sources */,
				A54FD29625CE8920007E3950 /* b2Distance.cpp in Sources */,
				A54FD29725CE8920007E3950 /* b2TimeOfImpact.cpp in Sources */,
				A54FD29825CE8920007E3950 /* b2DynamicTree.cpp in Sources */,
				A54FD29925CE8920007E3950 /* b2BroadPhase.cpp in Sources */,
				A54FD29A25CE8920007E3950 /* b2CollidePolygon.cpp in Sources */,
				A54FD2A225CE8981007E3950 /* b2Math.cpp in Sources */,
				A54FD27625CE8624007E3950 /* b2BlockAllocator.cpp in Sources */,
				A54FD2A325CE8981007E3950 /* b2Draw.cpp in Sources */,
				A54FD27725CE8624007E3950 /* b2StackAllocator.cpp in Sources */,
				A54FD27525CE8624007E3950 /* b2Timer.cpp in Sources */,
				A54FD2C125CECC8E007E3950 /* imgui_impl_opengl2.cpp in Sources */,
				A54FD27925CE8624007E3950 /* b2Settings.cpp in Sources */,
				A54FD26A25CE85F6007E3950 /* b2Body.cpp in Sources */,
				1D60589B0D05DD56006BFB54 /* main.m in Sources */,
				28FD14FE0DC6FC130079059D /* EAGLView.m in Sources */,
				2514C27210084DB100A42282 /* ES1Renderer.m in Sources */,
				FADABDBA1EBCC01200E174CB /* UIViewController_RootViewController.m in Sources */,
				9C759F9421858FD9004DA337 /* camera.cpp in Sources */,
				FA4AB21D1EBCD44B006141FA /* device-app.cpp in Sources */,
				FA9837B51EBC9329002F2850 /* PlayYouTubeInWebViewController.m in Sources */,
				9C4EDCA51324B637001725A4 /* alge_iphoneAppDelegate.m in Sources */,
				9CB01E3313A9B899006EDC2E /* AccelerometerFilter.m in Sources */,
				9C4E38F4143CA659006EDD6F /* AdViewController.m in Sources */,
			);
			runOnlyForDeploymentPostprocessing = 0;
		};
/* End PBXSourcesBuildPhase section */

/* Begin XCBuildConfiguration section */
		1D6058940D05DD3E006BFB54 /* Debug */ = {
			isa = XCBuildConfiguration;
			buildSettings = {
				"ADDITIONAL_SDKS[arch=*]" = "";
				ALWAYS_SEARCH_USER_PATHS = NO;
				CLANG_CXX_LANGUAGE_STANDARD = "c++17";
				CLANG_CXX_LIBRARY = "compiler-default";
				CLANG_ENABLE_OBJC_WEAK = YES;
				CODE_SIGN_ENTITLEMENTS = AlgeApp.entitlements;
				CODE_SIGN_IDENTITY = "iPhone Developer";
				"CODE_SIGN_IDENTITY[sdk=*]" = "iPhone Developer";
				"CODE_SIGN_IDENTITY[sdk=iphoneos*]" = "iPhone Developer";
				"CODE_SIGN_IDENTITY[sdk=iphoneos4.2]" = "iPhone Developer";
				CODE_SIGN_STYLE = Automatic;
				COPY_PHASE_STRIP = NO;
				CURRENT_PROJECT_VERSION = 1;
				DEVELOPMENT_TEAM = G84BL5U52X;
				GCC_C_LANGUAGE_STANDARD = "compiler-default";
				GCC_DYNAMIC_NO_PIC = NO;
				GCC_OPTIMIZATION_LEVEL = 0;
				GCC_PRECOMPILE_PREFIX_HEADER = YES;
				GCC_PREFIX_HEADER = untitled_iphone_Prefix.pch;
				"GCC_THUMB_SUPPORT[sdk=iphoneos4.2][arch=armv6]" = "";
				GCC_VERSION = "";
				HEADER_SEARCH_PATHS = (
					../../../Box2D,
					../../../imgui,
				);
				INFOPLIST_FILE = Info.plist;
				IPHONEOS_DEPLOYMENT_TARGET = 12.0;
				PRODUCT_BUNDLE_IDENTIFIER = com.acnodelabs.apps.alge.AlgeApp;
				PRODUCT_NAME = AlgeApp;
				PROVISIONING_PROFILE = "";
				"PROVISIONING_PROFILE[sdk=*]" = "";
				"PROVISIONING_PROFILE[sdk=iphoneos*]" = "";
				"PROVISIONING_PROFILE[sdk=iphoneos4.2]" = "";
				PROVISIONING_PROFILE_SPECIFIER = "";
				SDKROOT = iphoneos;
				SUPPORTS_MACCATALYST = NO;
				SUPPORTS_MAC_DESIGNED_FOR_IPHONE_IPAD = NO;
				TARGETED_DEVICE_FAMILY = "1,2";
			};
			name = Debug;
		};
		1D6058950D05DD3E006BFB54 /* Release */ = {
			isa = XCBuildConfiguration;
			buildSettings = {
				ALWAYS_SEARCH_USER_PATHS = NO;
				CLANG_CXX_LANGUAGE_STANDARD = "c++17";
				CLANG_CXX_LIBRARY = "compiler-default";
				CLANG_ENABLE_OBJC_WEAK = YES;
				CODE_SIGN_ENTITLEMENTS = AlgeApp.entitlements;
				CODE_SIGN_IDENTITY = "iPhone Developer";
				"CODE_SIGN_IDENTITY[sdk=iphoneos*]" = "iPhone Developer";
				CODE_SIGN_STYLE = Automatic;
				COPY_PHASE_STRIP = YES;
				CURRENT_PROJECT_VERSION = 1;
				DEVELOPMENT_TEAM = G84BL5U52X;
				GCC_C_LANGUAGE_STANDARD = "compiler-default";
				GCC_PRECOMPILE_PREFIX_HEADER = YES;
				GCC_PREFIX_HEADER = untitled_iphone_Prefix.pch;
				"GCC_THUMB_SUPPORT[sdk=iphoneos4.2][arch=armv6]" = "";
				GCC_VERSION = "";
				HEADER_SEARCH_PATHS = (
					../../../Box2D,
					../../../imgui,
				);
				INFOPLIST_FILE = Info.plist;
				IPHONEOS_DEPLOYMENT_TARGET = 12.0;
				PRODUCT_BUNDLE_IDENTIFIER = com.acnodelabs.apps.alge.AlgeApp;
				PRODUCT_NAME = AlgeApp;
				PROVISIONING_PROFILE = "";
				PROVISIONING_PROFILE_SPECIFIER = "";
				SDKROOT = iphoneos;
				SUPPORTS_MACCATALYST = NO;
				SUPPORTS_MAC_DESIGNED_FOR_IPHONE_IPAD = NO;
				TARGETED_DEVICE_FAMILY = "1,2";
			};
			name = Release;
		};
		9C62B607132E81B90042AD7B /* Distribution */ = {
			isa = XCBuildConfiguration;
			buildSettings = {
				ALWAYS_SEARCH_USER_PATHS = NO;
				CLANG_ANALYZER_LOCALIZABILITY_NONLOCALIZED = YES;
				CLANG_WARN_BLOCK_CAPTURE_AUTORELEASING = YES;
				CLANG_WARN_BOOL_CONVERSION = YES;
				CLANG_WARN_COMMA = YES;
				CLANG_WARN_CONSTANT_CONVERSION = YES;
				CLANG_WARN_DEPRECATED_OBJC_IMPLEMENTATIONS = YES;
				CLANG_WARN_EMPTY_BODY = YES;
				CLANG_WARN_ENUM_CONVERSION = YES;
				CLANG_WARN_INFINITE_RECURSION = YES;
				CLANG_WARN_INT_CONVERSION = YES;
				CLANG_WARN_NON_LITERAL_NULL_CONVERSION = YES;
				CLANG_WARN_OBJC_IMPLICIT_RETAIN_SELF = YES;
				CLANG_WARN_OBJC_LITERAL_CONVERSION = YES;
				CLANG_WARN_QUOTED_INCLUDE_IN_FRAMEWORK_HEADER = YES;
				CLANG_WARN_RANGE_LOOP_ANALYSIS = YES;
				CLANG_WARN_STRICT_PROTOTYPES = YES;
				CLANG_WARN_SUSPICIOUS_MOVE = YES;
				CLANG_WARN_UNREACHABLE_CODE = YES;
				CLANG_WARN__DUPLICATE_METHOD_MATCH = YES;
				CODE_SIGN_IDENTITY = "";
				"CODE_SIGN_IDENTITY[sdk=iphoneos*]" = "";
				ENABLE_STRICT_OBJC_MSGSEND = YES;
				GCC_C_LANGUAGE_STANDARD = gnu11;
				GCC_NO_COMMON_BLOCKS = YES;
				GCC_WARN_64_TO_32_BIT_CONVERSION = YES;
				GCC_WARN_ABOUT_RETURN_TYPE = YES;
				GCC_WARN_UNDECLARED_SELECTOR = YES;
				GCC_WARN_UNINITIALIZED_AUTOS = YES;
				GCC_WARN_UNUSED_FUNCTION = YES;
				GCC_WARN_UNUSED_VARIABLE = YES;
				HEADER_SEARCH_PATHS = "";
				IPHONEOS_DEPLOYMENT_TARGET = 12.1;
				ONLY_ACTIVE_ARCH = NO;
				PRODUCT_NAME = ColorSwitch2D;
				PROVISIONING_PROFILE = "21953b53-1c53-4012-b4c8-f6593ca835ab";
				"PROVISIONING_PROFILE[sdk=iphoneos*]" = "68AF5C93-3754-493B-A406-F2D50289B10D";
				SDKROOT = iphoneos;
				SYSTEM_HEADER_SEARCH_PATHS = (
					../Tools/CNetMsg,
					../../Thirdparty/cnats/include,
					"../../Thirdparty/Box2D-master",
				);
				TARGETED_DEVICE_FAMILY = "1,2";
			};
			name = Distribution;
		};
		9C62B608132E81B90042AD7B /* Distribution */ = {
			isa = XCBuildConfiguration;
			buildSettings = {
				ALWAYS_SEARCH_USER_PATHS = NO;
				CLANG_CXX_LANGUAGE_STANDARD = "c++17";
				CLANG_CXX_LIBRARY = "compiler-default";
				CLANG_ENABLE_OBJC_WEAK = YES;
				CODE_SIGN_ENTITLEMENTS = AlgeApp.entitlements;
				CODE_SIGN_IDENTITY = "iPhone Developer";
				"CODE_SIGN_IDENTITY[sdk=iphoneos*]" = "iPhone Developer";
				"CODE_SIGN_IDENTITY[sdk=iphonesimulator4.2]" = "";
				CODE_SIGN_STYLE = Automatic;
				COPY_PHASE_STRIP = YES;
				CURRENT_PROJECT_VERSION = 1;
				DEVELOPMENT_TEAM = G84BL5U52X;
				GCC_C_LANGUAGE_STANDARD = "compiler-default";
				GCC_PRECOMPILE_PREFIX_HEADER = YES;
				GCC_PREFIX_HEADER = untitled_iphone_Prefix.pch;
				"GCC_THUMB_SUPPORT[arch=armv6]" = "";
				GCC_VERSION = "";
				HEADER_SEARCH_PATHS = (
					../../../Box2D,
					../../../imgui,
				);
				INFOPLIST_FILE = Info.plist;
				IPHONEOS_DEPLOYMENT_TARGET = 12.0;
				PRODUCT_BUNDLE_IDENTIFIER = com.acnodelabs.apps.alge.AlgeApp;
				PRODUCT_NAME = AlgeApp;
				PROVISIONING_PROFILE = "";
				"PROVISIONING_PROFILE[sdk=iphonesimulator4.2]" = "37C021F2-6B9D-415A-8946-E822A76C7B1A";
				PROVISIONING_PROFILE_SPECIFIER = "";
				SDKROOT = iphoneos;
				SUPPORTS_MACCATALYST = NO;
				SUPPORTS_MAC_DESIGNED_FOR_IPHONE_IPAD = NO;
				TARGETED_DEVICE_FAMILY = "1,2";
			};
			name = Distribution;
		};
		C01FCF4F08A954540054247B /* Debug */ = {
			isa = XCBuildConfiguration;
			buildSettings = {
				ALWAYS_SEARCH_USER_PATHS = NO;
				CLANG_ANALYZER_LOCALIZABILITY_NONLOCALIZED = YES;
				CLANG_WARN_BLOCK_CAPTURE_AUTORELEASING = YES;
				CLANG_WARN_BOOL_CONVERSION = YES;
				CLANG_WARN_COMMA = YES;
				CLANG_WARN_CONSTANT_CONVERSION = YES;
				CLANG_WARN_DEPRECATED_OBJC_IMPLEMENTATIONS = YES;
				CLANG_WARN_EMPTY_BODY = YES;
				CLANG_WARN_ENUM_CONVERSION = YES;
				CLANG_WARN_INFINITE_RECURSION = YES;
				CLANG_WARN_INT_CONVERSION = YES;
				CLANG_WARN_NON_LITERAL_NULL_CONVERSION = YES;
				CLANG_WARN_OBJC_IMPLICIT_RETAIN_SELF = YES;
				CLANG_WARN_OBJC_LITERAL_CONVERSION = YES;
				CLANG_WARN_QUOTED_INCLUDE_IN_FRAMEWORK_HEADER = YES;
				CLANG_WARN_RANGE_LOOP_ANALYSIS = YES;
				CLANG_WARN_STRICT_PROTOTYPES = YES;
				CLANG_WARN_SUSPICIOUS_MOVE = YES;
				CLANG_WARN_UNREACHABLE_CODE = YES;
				CLANG_WARN__DUPLICATE_METHOD_MATCH = YES;
				CODE_SIGN_IDENTITY = "";
				"CODE_SIGN_IDENTITY[sdk=iphoneos4.2]" = "";
				ENABLE_STRICT_OBJC_MSGSEND = YES;
				ENABLE_TESTABILITY = YES;
				GCC_C_LANGUAGE_STANDARD = gnu11;
				GCC_NO_COMMON_BLOCKS = YES;
				GCC_PREPROCESSOR_DEFINITIONS = DEBUG;
				GCC_WARN_64_TO_32_BIT_CONVERSION = YES;
				GCC_WARN_ABOUT_RETURN_TYPE = YES;
				GCC_WARN_UNDECLARED_SELECTOR = YES;
				GCC_WARN_UNINITIALIZED_AUTOS = YES;
				GCC_WARN_UNUSED_FUNCTION = YES;
				GCC_WARN_UNUSED_VARIABLE = YES;
				HEADER_SEARCH_PATHS = "";
				IPHONEOS_DEPLOYMENT_TARGET = 12.1;
				ONLY_ACTIVE_ARCH = YES;
				PRODUCT_NAME = ColorSwitch2D;
				PROVISIONING_PROFILE = "21953b53-1c53-4012-b4c8-f6593ca835ab";
				"PROVISIONING_PROFILE[sdk=iphoneos4.2]" = "";
				SDKROOT = iphoneos;
				SYSTEM_HEADER_SEARCH_PATHS = (
					../Tools/CNetMsg,
					../../Thirdparty/cnats/include,
					"../../Thirdparty/Box2D-master",
				);
				TARGETED_DEVICE_FAMILY = "1,2";
			};
			name = Debug;
		};
		C01FCF5008A954540054247B /* Release */ = {
			isa = XCBuildConfiguration;
			buildSettings = {
				ALWAYS_SEARCH_USER_PATHS = NO;
				CLANG_ANALYZER_LOCALIZABILITY_NONLOCALIZED = YES;
				CLANG_WARN_BLOCK_CAPTURE_AUTORELEASING = YES;
				CLANG_WARN_BOOL_CONVERSION = YES;
				CLANG_WARN_COMMA = YES;
				CLANG_WARN_CONSTANT_CONVERSION = YES;
				CLANG_WARN_DEPRECATED_OBJC_IMPLEMENTATIONS = YES;
				CLANG_WARN_EMPTY_BODY = YES;
				CLANG_WARN_ENUM_CONVERSION = YES;
				CLANG_WARN_INFINITE_RECURSION = YES;
				CLANG_WARN_INT_CONVERSION = YES;
				CLANG_WARN_NON_LITERAL_NULL_CONVERSION = YES;
				CLANG_WARN_OBJC_IMPLICIT_RETAIN_SELF = YES;
				CLANG_WARN_OBJC_LITERAL_CONVERSION = YES;
				CLANG_WARN_QUOTED_INCLUDE_IN_FRAMEWORK_HEADER = YES;
				CLANG_WARN_RANGE_LOOP_ANALYSIS = YES;
				CLANG_WARN_STRICT_PROTOTYPES = YES;
				CLANG_WARN_SUSPICIOUS_MOVE = YES;
				CLANG_WARN_UNREACHABLE_CODE = YES;
				CLANG_WARN__DUPLICATE_METHOD_MATCH = YES;
				CODE_SIGN_IDENTITY = "";
				"CODE_SIGN_IDENTITY[sdk=iphoneos*]" = "iPhone Distribution";
				ENABLE_STRICT_OBJC_MSGSEND = YES;
				GCC_C_LANGUAGE_STANDARD = gnu11;
				GCC_NO_COMMON_BLOCKS = YES;
				GCC_WARN_64_TO_32_BIT_CONVERSION = YES;
				GCC_WARN_ABOUT_RETURN_TYPE = YES;
				GCC_WARN_UNDECLARED_SELECTOR = YES;
				GCC_WARN_UNINITIALIZED_AUTOS = YES;
				GCC_WARN_UNUSED_FUNCTION = YES;
				GCC_WARN_UNUSED_VARIABLE = YES;
				HEADER_SEARCH_PATHS = "";
				IPHONEOS_DEPLOYMENT_TARGET = 12.1;
				PRODUCT_NAME = ColorSwitch2D;
				PROVISIONING_PROFILE = "21953b53-1c53-4012-b4c8-f6593ca835ab";
				"PROVISIONING_PROFILE[sdk=iphoneos*]" = "";
				SDKROOT = iphoneos;
				SYSTEM_HEADER_SEARCH_PATHS = (
					../Tools/CNetMsg,
					../../Thirdparty/cnats/include,
					"../../Thirdparty/Box2D-master",
				);
				TARGETED_DEVICE_FAMILY = "1,2";
			};
			name = Release;
		};
/* End XCBuildConfiguration section */

/* Begin XCConfigurationList section */
		1D6058960D05DD3E006BFB54 /* Build configuration list for PBXNativeTarget "AlgeApp" */ = {
			isa = XCConfigurationList;
			buildConfigurations = (
				1D6058940D05DD3E006BFB54 /* Debug */,
				1D6058950D05DD3E006BFB54 /* Release */,
				9C62B608132E81B90042AD7B /* Distribution */,
			);
			defaultConfigurationIsVisible = 0;
			defaultConfigurationName = Release;
		};
		C01FCF4E08A954540054247B /* Build configuration list for PBXProject "Alge-Apple-ASeries" */ = {
			isa = XCConfigurationList;
			buildConfigurations = (
				C01FCF4F08A954540054247B /* Debug */,
				C01FCF5008A954540054247B /* Release */,
				9C62B607132E81B90042AD7B /* Distribution */,
			);
			defaultConfigurationIsVisible = 0;
			defaultConfigurationName = Release;
		};
/* End XCConfigurationList section */
	};
	rootObject = 29B97313FDCFA39411CA2CEA /* Project object */;
}
